
Microsoft Visual Studio Solution File, Format Version 12.00
# Visual Studio Version 17
VisualStudioVersion = 17.11.35208.52
MinimumVisualStudioVersion = 10.0.40219.1
Project("{FAE04EC0-301F-11D3-BF4B-00C04F79EFBC}") = "HelloWorld", "HelloWorld\HelloWorld.csproj", "{C94199BF-C550-4B80-8D22-7452CF67CAEB}"
EndProject
Global
	GlobalSection(SolutionConfigurationPlatforms) = preSolution
		Debug|Any CPU = Debug|Any CPU
		Release|Any CPU = Release|Any CPU
	EndGlobalSection
	GlobalSection(ProjectConfigurationPlatforms) = postSolution
		{C94199BF-C550-4B80-8D22-7452CF67CAEB}.Debug|Any CPU.ActiveCfg = Debug|Any CPU
		{C94199BF-C550-4B80-8D22-7452CF67CAEB}.Debug|Any CPU.Build.0 = Debug|Any CPU
		{C94199BF-C550-4B80-8D22-7452CF67CAEB}.Release|Any CPU.ActiveCfg = Release|Any CPU
		{C94199BF-C550-4B80-8D22-7452CF67CAEB}.Release|Any CPU.Build.0 = Release|Any CPU
	EndGlobalSection
	GlobalSection(SolutionProperties) = preSolution
		HideSolutionNode = FALSE
	EndGlobalSection
	GlobalSection(ExtensibilityGlobals) = postSolution
		SolutionGuid = {8BE68D8C-6D26-4ACE-85ED-C1F81C5EFBB8}
	EndGlobalSection
EndGlobal
